{
  "version": 4,
  "terraform_version": "1.13.3",
  "serial": 5,
  "lineage": "89a58df7-5620-c890-8fd9-4936ba429edb",
  "outputs": {
    "app_service_plan_name": {
      "value": "asp-campusspace-premiumv2",
      "type": "string"
    },
    "app_service_plan_tier": {
      "value": "Standard",
      "type": "string"
    },
    "resource_group_location": {
      "value": "eastasia",
      "type": "string"
    },
    "resource_group_name": {
      "value": "rg-campusspace-eastasia",
      "type": "string"
    },
    "storage_account_name": {
      "value": "campusspacestoragedev001",
      "type": "string"
    },
    "storage_account_primary_endpoint": {
      "value": "https://campusspacestoragedev001.blob.core.windows.net/",
      "type": "string"
    },
    "storage_container_name": {
      "value": "eventmedia",
      "type": "string"
    }
  },
  "resources": [
    {
      "mode": "managed",
      "type": "azurerm_app_service_plan",
      "name": "campusspace_plan",
      "provider": "provider[\"registry.terraform.io/hashicorp/azurerm\"]",
      "instances": [
        {
          "schema_version": 1,
          "attributes": {
            "app_service_environment_id": "",
            "id": "/subscriptions/abb518ec-f0fe-4020-aac8-fe23e295f6d0/resourceGroups/rg-campusspace-eastasia/providers/Microsoft.Web/serverFarms/asp-campusspace-premiumv2",
            "is_xenon": false,
            "kind": "Windows",
            "location": "eastasia",
            "maximum_elastic_worker_count": 1,
            "maximum_number_of_workers": 10,
            "name": "asp-campusspace-premiumv2",
            "per_site_scaling": false,
            "reserved": false,
            "resource_group_name": "rg-campusspace-eastasia",
            "sku": [
              {
                "capacity": 1,
                "size": "S1",
                "tier": "Standard"
              }
            ],
            "tags": null,
            "timeouts": null,
            "zone_redundant": false
          },
          "sensitive_attributes": [],
          "identity_schema_version": 0,
          "private": "eyJlMmJmYjczMC1lY2FhLTExZTYtOGY4OC0zNDM2M2JjN2M0YzAiOnsiY3JlYXRlIjozNjAwMDAwMDAwMDAwLCJkZWxldGUiOjM2MDAwMDAwMDAwMDAsInJlYWQiOjMwMDAwMDAwMDAwMCwidXBkYXRlIjozNjAwMDAwMDAwMDAwfSwic2NoZW1hX3ZlcnNpb24iOiIxIn0=",
          "dependencies": [
            "azurerm_resource_group.campusspace"
          ]
        }
      ]
    },
    {
      "mode": "managed",
      "type": "azurerm_resource_group",
      "name": "campusspace",
      "provider": "provider[\"registry.terraform.io/hashicorp/azurerm\"]",
      "instances": [
        {
          "schema_version": 0,
          "attributes": {
            "id": "/subscriptions/abb518ec-f0fe-4020-aac8-fe23e295f6d0/resourceGroups/rg-campusspace-eastasia",
            "location": "eastasia",
            "managed_by": "",
            "name": "rg-campusspace-eastasia",
            "tags": null,
            "timeouts": null
          },
          "sensitive_attributes": [],
          "identity_schema_version": 0,
          "private": "eyJlMmJmYjczMC1lY2FhLTExZTYtOGY4OC0zNDM2M2JjN2M0YzAiOnsiY3JlYXRlIjo1NDAwMDAwMDAwMDAwLCJkZWxldGUiOjU0MDAwMDAwMDAwMDAsInJlYWQiOjMwMDAwMDAwMDAwMCwidXBkYXRlIjo1NDAwMDAwMDAwMDAwfX0="
        }
      ]
    },
    {
      "mode": "managed",
      "type": "azurerm_storage_account",
      "name": "campusspace_storage",
      "provider": "provider[\"registry.terraform.io/hashicorp/azurerm\"]",
      "instances": [
        {
          "schema_version": 4,
          "attributes": {
            "access_tier": "Hot",
            "account_kind": "StorageV2",
            "account_replication_type": "GRS",
            "account_tier": "Standard",
            "allow_nested_items_to_be_public": true,
            "allowed_copy_scope": "",
            "azure_files_authentication": [],
            "blob_properties": [
              {
                "change_feed_enabled": false,
                "change_feed_retention_in_days": 0,
                "container_delete_retention_policy": [],
                "cors_rule": [],
                "default_service_version": "",
                "delete_retention_policy": [
                  {
                    "days": 7,
                    "permanent_delete_enabled": false
                  }
                ],
                "last_access_time_enabled": false,
                "restore_policy": [],
                "versioning_enabled": false
              }
            ],
            "cross_tenant_replication_enabled": false,
            "custom_domain": [],
            "customer_managed_key": [],
            "default_to_oauth_authentication": false,
            "dns_endpoint_type": "Standard",
            "edge_zone": "",
            "https_traffic_only_enabled": true,
            "id": "/subscriptions/abb518ec-f0fe-4020-aac8-fe23e295f6d0/resourceGroups/rg-campusspace-eastasia/providers/Microsoft.Storage/storageAccounts/campusspacestoragedev001",
            "identity": [],
            "immutability_policy": [],
            "infrastructure_encryption_enabled": false,
            "is_hns_enabled": false,
            "large_file_share_enabled": false,
            "local_user_enabled": true,
            "location": "eastasia",
            "min_tls_version": "TLS1_2",
            "name": "campusspacestoragedev001",
            "network_rules": [],
            "nfsv3_enabled": false,
            "primary_access_key": "GEUci7QcAENk/NY9rzwbLwI93obwiudIE9iZv/qjUOEK8KjWi0wPzd74Ln2UPmeX+szb7Hh/mbdB+AStSBAEJA==",
            "primary_blob_connection_string": "DefaultEndpointsProtocol=https;BlobEndpoint=https://campusspacestoragedev001.blob.core.windows.net/;AccountName=campusspacestoragedev001;AccountKey=GEUci7QcAENk/NY9rzwbLwI93obwiudIE9iZv/qjUOEK8KjWi0wPzd74Ln2UPmeX+szb7Hh/mbdB+AStSBAEJA==",
            "primary_blob_endpoint": "https://campusspacestoragedev001.blob.core.windows.net/",
            "primary_blob_host": "campusspacestoragedev001.blob.core.windows.net",
            "primary_blob_internet_endpoint": "",
            "primary_blob_internet_host": "",
            "primary_blob_microsoft_endpoint": "",
            "primary_blob_microsoft_host": "",
            "primary_connection_string": "DefaultEndpointsProtocol=https;AccountName=campusspacestoragedev001;AccountKey=GEUci7QcAENk/NY9rzwbLwI93obwiudIE9iZv/qjUOEK8KjWi0wPzd74Ln2UPmeX+szb7Hh/mbdB+AStSBAEJA==;EndpointSuffix=core.windows.net",
            "primary_dfs_endpoint": "https://campusspacestoragedev001.dfs.core.windows.net/",
            "primary_dfs_host": "campusspacestoragedev001.dfs.core.windows.net",
            "primary_dfs_internet_endpoint": "",
            "primary_dfs_internet_host": "",
            "primary_dfs_microsoft_endpoint": "",
            "primary_dfs_microsoft_host": "",
            "primary_file_endpoint": "https://campusspacestoragedev001.file.core.windows.net/",
            "primary_file_host": "campusspacestoragedev001.file.core.windows.net",
            "primary_file_internet_endpoint": "",
            "primary_file_internet_host": "",
            "primary_file_microsoft_endpoint": "",
            "primary_file_microsoft_host": "",
            "primary_location": "eastasia",
            "primary_queue_endpoint": "https://campusspacestoragedev001.queue.core.windows.net/",
            "primary_queue_host": "campusspacestoragedev001.queue.core.windows.net",
            "primary_queue_microsoft_endpoint": "",
            "primary_queue_microsoft_host": "",
            "primary_table_endpoint": "https://campusspacestoragedev001.table.core.windows.net/",
            "primary_table_host": "campusspacestoragedev001.table.core.windows.net",
            "primary_table_microsoft_endpoint": "",
            "primary_table_microsoft_host": "",
            "primary_web_endpoint": "https://campusspacestoragedev001.z7.web.core.windows.net/",
            "primary_web_host": "campusspacestoragedev001.z7.web.core.windows.net",
            "primary_web_internet_endpoint": "",
            "primary_web_internet_host": "",
            "primary_web_microsoft_endpoint": "",
            "primary_web_microsoft_host": "",
            "provisioned_billing_model_version": "",
            "public_network_access_enabled": true,
            "queue_encryption_key_type": "Service",
            "queue_properties": [
              {
                "cors_rule": [],
                "hour_metrics": [
                  {
                    "enabled": false,
                    "include_apis": false,
                    "retention_policy_days": 0,
                    "version": "1.0"
                  }
                ],
                "logging": [
                  {
                    "delete": false,
                    "read": false,
                    "retention_policy_days": 0,
                    "version": "1.0",
                    "write": false
                  }
                ],
                "minute_metrics": [
                  {
                    "enabled": false,
                    "include_apis": false,
                    "retention_policy_days": 0,
                    "version": "1.0"
                  }
                ]
              }
            ],
            "resource_group_name": "rg-campusspace-eastasia",
            "routing": [],
            "sas_policy": [],
            "secondary_access_key": "TDU3lh01dGeBkvioSqxS7ZhvkulF0UUzCe1K1IcctHheVQCKYrmEKpRBXjITf8FTHE91Z0i+iai1+ASth94x+Q==",
            "secondary_blob_connection_string": "",
            "secondary_blob_endpoint": "",
            "secondary_blob_host": "",
            "secondary_blob_internet_endpoint": "",
            "secondary_blob_internet_host": "",
            "secondary_blob_microsoft_endpoint": "",
            "secondary_blob_microsoft_host": "",
            "secondary_connection_string": "DefaultEndpointsProtocol=https;AccountName=campusspacestoragedev001;AccountKey=TDU3lh01dGeBkvioSqxS7ZhvkulF0UUzCe1K1IcctHheVQCKYrmEKpRBXjITf8FTHE91Z0i+iai1+ASth94x+Q==;EndpointSuffix=core.windows.net",
            "secondary_dfs_endpoint": "",
            "secondary_dfs_host": "",
            "secondary_dfs_internet_endpoint": "",
            "secondary_dfs_internet_host": "",
            "secondary_dfs_microsoft_endpoint": "",
            "secondary_dfs_microsoft_host": "",
            "secondary_file_endpoint": "",
            "secondary_file_host": "",
            "secondary_file_internet_endpoint": "",
            "secondary_file_internet_host": "",
            "secondary_file_microsoft_endpoint": "",
            "secondary_file_microsoft_host": "",
            "secondary_location": "southeastasia",
            "secondary_queue_endpoint": "",
            "secondary_queue_host": "",
            "secondary_queue_microsoft_endpoint": "",
            "secondary_queue_microsoft_host": "",
            "secondary_table_endpoint": "",
            "secondary_table_host": "",
            "secondary_table_microsoft_endpoint": "",
            "secondary_table_microsoft_host": "",
            "secondary_web_endpoint": "",
            "secondary_web_host": "",
            "secondary_web_internet_endpoint": "",
            "secondary_web_internet_host": "",
            "secondary_web_microsoft_endpoint": "",
            "secondary_web_microsoft_host": "",
            "sftp_enabled": false,
            "share_properties": [
              {
                "cors_rule": [],
                "retention_policy": [
                  {
                    "days": 7
                  }
                ],
                "smb": []
              }
            ],
            "shared_access_key_enabled": true,
            "static_website": [],
            "table_encryption_key_type": "Service",
            "tags": {
              "environment": "dev",
              "project": "ems"
            },
            "timeouts": null
          },
          "sensitive_attributes": [
            [
              {
                "type": "get_attr",
                "value": "primary_access_key"
              }
            ],
            [
              {
                "type": "get_attr",
                "value": "primary_blob_connection_string"
              }
            ],
            [
              {
                "type": "get_attr",
                "value": "primary_connection_string"
              }
            ],
            [
              {
                "type": "get_attr",
                "value": "secondary_access_key"
              }
            ],
            [
              {
                "type": "get_attr",
                "value": "secondary_blob_connection_string"
              }
            ],
            [
              {
                "type": "get_attr",
                "value": "secondary_connection_string"
              }
            ]
          ],
          "identity_schema_version": 0,
          "identity": {
            "name": "campusspacestoragedev001",
            "resource_group_name": "rg-campusspace-eastasia",
            "subscription_id": "abb518ec-f0fe-4020-aac8-fe23e295f6d0"
          },
          "private": "eyJlMmJmYjczMC1lY2FhLTExZTYtOGY4OC0zNDM2M2JjN2M0YzAiOnsiY3JlYXRlIjozNjAwMDAwMDAwMDAwLCJkZWxldGUiOjM2MDAwMDAwMDAwMDAsInJlYWQiOjMwMDAwMDAwMDAwMCwidXBkYXRlIjozNjAwMDAwMDAwMDAwfSwic2NoZW1hX3ZlcnNpb24iOiI0In0=",
          "dependencies": [
            "azurerm_resource_group.campusspace"
          ]
        }
      ]
    },
    {
      "mode": "managed",
      "type": "azurerm_storage_container",
      "name": "media",
      "provider": "provider[\"registry.terraform.io/hashicorp/azurerm\"]",
      "instances": [
        {
          "schema_version": 1,
          "attributes": {
            "container_access_type": "private",
            "default_encryption_scope": "$account-encryption-key",
            "encryption_scope_override_enabled": true,
            "has_immutability_policy": false,
            "has_legal_hold": false,
            "id": "https://campusspacestoragedev001.blob.core.windows.net/eventmedia",
            "metadata": {},
            "name": "eventmedia",
            "resource_manager_id": "/subscriptions/abb518ec-f0fe-4020-aac8-fe23e295f6d0/resourceGroups/rg-campusspace-eastasia/providers/Microsoft.Storage/storageAccounts/campusspacestoragedev001/blobServices/default/containers/eventmedia",
            "storage_account_id": null,
            "storage_account_name": "campusspacestoragedev001",
            "timeouts": null
          },
          "sensitive_attributes": [],
          "identity_schema_version": 0,
          "private": "eyJlMmJmYjczMC1lY2FhLTExZTYtOGY4OC0zNDM2M2JjN2M0YzAiOnsiY3JlYXRlIjoxODAwMDAwMDAwMDAwLCJkZWxldGUiOjE4MDAwMDAwMDAwMDAsInJlYWQiOjMwMDAwMDAwMDAwMCwidXBkYXRlIjoxODAwMDAwMDAwMDAwfSwic2NoZW1hX3ZlcnNpb24iOiIxIn0=",
          "dependencies": [
            "azurerm_resource_group.campusspace",
            "azurerm_storage_account.campusspace_storage"
          ]
        }
      ]
    }
  ],
  "check_results": null
}
